
Microsoft Visual Studio Solution File, Format Version 12.00
# Visual Studio Version 17
VisualStudioVersion = 17.5.002.0
MinimumVisualStudioVersion = 10.0.40219.1
Project("{9A19103F-16F7-4668-BE54-9A1E7A4F7556}") = "aplikacja-dziekanat", "aplikacja-dziekanat\aplikacja-dziekanat.csproj", "{F99206CA-53BB-4EF9-A421-74A899DFBB0E}"
EndProject
Project("{9A19103F-16F7-4668-BE54-9A1E7A4F7556}") = "aplikacja-dziekanat.Android", "aplikacja-dziekanat.Android\aplikacja-dziekanat.Android.csproj", "{C9CEC7B1-D32E-4D48-9B52-FBE2B2726210}"
EndProject
Global
	GlobalSection(SolutionConfigurationPlatforms) = preSolution
		Debug|Any CPU = Debug|Any CPU
		Release|Any CPU = Release|Any CPU
	EndGlobalSection
	GlobalSection(ProjectConfigurationPlatforms) = postSolution
		{F99206CA-53BB-4EF9-A421-74A899DFBB0E}.Debug|Any CPU.ActiveCfg = Debug|Any CPU
		{F99206CA-53BB-4EF9-A421-74A899DFBB0E}.Debug|Any CPU.Build.0 = Debug|Any CPU
		{F99206CA-53BB-4EF9-A421-74A899DFBB0E}.Release|Any CPU.ActiveCfg = Release|Any CPU
		{F99206CA-53BB-4EF9-A421-74A899DFBB0E}.Release|Any CPU.Build.0 = Release|Any CPU
		{C9CEC7B1-D32E-4D48-9B52-FBE2B2726210}.Debug|Any CPU.ActiveCfg = Debug|Any CPU
		{C9CEC7B1-D32E-4D48-9B52-FBE2B2726210}.Debug|Any CPU.Build.0 = Debug|Any CPU
		{C9CEC7B1-D32E-4D48-9B52-FBE2B2726210}.Release|Any CPU.ActiveCfg = Release|Any CPU
		{C9CEC7B1-D32E-4D48-9B52-FBE2B2726210}.Release|Any CPU.Build.0 = Release|Any CPU
	EndGlobalSection
	GlobalSection(SolutionProperties) = preSolution
		HideSolutionNode = FALSE
	EndGlobalSection
	GlobalSection(ExtensibilityGlobals) = postSolution
		SolutionGuid = {A64953FC-CBA2-41FA-BB79-7E44C1650D20}
	EndGlobalSection
EndGlobal
